{
  "name": "threeDobj",
  "lockfileVersion": 2,
  "requires": true,
  "packages": {
    "": {
      "dependencies": {
        "prevent-parent-scroll": "^0.0.6"
      }
    },
    "node_modules/prevent-parent-scroll": {
      "version": "0.0.6",
      "resolved": "https://registry.npmjs.org/prevent-parent-scroll/-/prevent-parent-scroll-0.0.6.tgz",
      "integrity": "sha512-0JahaHbft8EGCNKhyamNUMk/0LqlXOW36Jl2Pd9SMPr8dz7BAYloro3m1x9qxbHdo0wQ0A8KwmKHN5Et/uJpSg==",
      "engines": {
        "node": ">=4.3.x",
        "npm": ">=3.8.x"
      }
    }
  },
  "dependencies": {
    "prevent-parent-scroll": {
      "version": "0.0.6",
      "resolved": "https://registry.npmjs.org/prevent-parent-scroll/-/prevent-parent-scroll-0.0.6.tgz",
      "integrity": "sha512-0JahaHbft8EGCNKhyamNUMk/0LqlXOW36Jl2Pd9SMPr8dz7BAYloro3m1x9qxbHdo0wQ0A8KwmKHN5Et/uJpSg=="
    }
  }
}
